
Microsoft Visual Studio Solution File, Format Version 12.00
# Visual Studio Version 17
VisualStudioVersion = 17.4.33122.133
MinimumVisualStudioVersion = 10.0.40219.1
Project("{9A19103F-16F7-4668-BE54-9A1E7A4F7556}") = "CodeFirst.API", "CodeFirst.API\CodeFirst.API.csproj", "{2DD4AD67-1FFC-4254-9F48-8E1407B4517F}"
EndProject
Project("{FAE04EC0-301F-11D3-BF4B-00C04F79EFBC}") = "CodeFirst.Common", "CodeFirst.Common\CodeFirst.Common.csproj", "{327437DE-C592-4FF7-A422-3D5A9A211A0B}"
EndProject
Project("{FAE04EC0-301F-11D3-BF4B-00C04F79EFBC}") = "CodeFirst.Data", "CodeFirst.Data\CodeFirst.Data.csproj", "{BC3D05F7-4DA8-45BA-BBBC-12BE38B52F2A}"
EndProject
Global
	GlobalSection(SolutionConfigurationPlatforms) = preSolution
		Debug|Any CPU = Debug|Any CPU
		Release|Any CPU = Release|Any CPU
	EndGlobalSection
	GlobalSection(ProjectConfigurationPlatforms) = postSolution
		{2DD4AD67-1FFC-4254-9F48-8E1407B4517F}.Debug|Any CPU.ActiveCfg = Debug|Any CPU
		{2DD4AD67-1FFC-4254-9F48-8E1407B4517F}.Debug|Any CPU.Build.0 = Debug|Any CPU
		{2DD4AD67-1FFC-4254-9F48-8E1407B4517F}.Release|Any CPU.ActiveCfg = Release|Any CPU
		{2DD4AD67-1FFC-4254-9F48-8E1407B4517F}.Release|Any CPU.Build.0 = Release|Any CPU
		{327437DE-C592-4FF7-A422-3D5A9A211A0B}.Debug|Any CPU.ActiveCfg = Debug|Any CPU
		{327437DE-C592-4FF7-A422-3D5A9A211A0B}.Debug|Any CPU.Build.0 = Debug|Any CPU
		{327437DE-C592-4FF7-A422-3D5A9A211A0B}.Release|Any CPU.ActiveCfg = Release|Any CPU
		{327437DE-C592-4FF7-A422-3D5A9A211A0B}.Release|Any CPU.Build.0 = Release|Any CPU
		{BC3D05F7-4DA8-45BA-BBBC-12BE38B52F2A}.Debug|Any CPU.ActiveCfg = Debug|Any CPU
		{BC3D05F7-4DA8-45BA-BBBC-12BE38B52F2A}.Debug|Any CPU.Build.0 = Debug|Any CPU
		{BC3D05F7-4DA8-45BA-BBBC-12BE38B52F2A}.Release|Any CPU.ActiveCfg = Release|Any CPU
		{BC3D05F7-4DA8-45BA-BBBC-12BE38B52F2A}.Release|Any CPU.Build.0 = Release|Any CPU
	EndGlobalSection
	GlobalSection(SolutionProperties) = preSolution
		HideSolutionNode = FALSE
	EndGlobalSection
	GlobalSection(ExtensibilityGlobals) = postSolution
		SolutionGuid = {1DD325C8-CF97-4398-85A7-06610C245645}
	EndGlobalSection
EndGlobal
